
Microsoft Visual Studio Solution File, Format Version 12.00
# Visual Studio Version 16
VisualStudioVersion = 16.0.30413.136
MinimumVisualStudioVersion = 10.0.40219.1
Project("{8BC9CEB8-8B4A-11D0-8D11-00A0C91BC942}") = "111", "111\111.vcxproj", "{FBB4B4E2-690F-44FD-BD52-4C22AB51D2FA}"
EndProject
Global
	GlobalSection(SolutionConfigurationPlatforms) = preSolution
		Debug|x64 = Debug|x64
		Debug|x86 = Debug|x86
		Release|x64 = Release|x64
		Release|x86 = Release|x86
	EndGlobalSection
	GlobalSection(ProjectConfigurationPlatforms) = postSolution
		{FBB4B4E2-690F-44FD-BD52-4C22AB51D2FA}.Debug|x64.ActiveCfg = Debug|x64
		{FBB4B4E2-690F-44FD-BD52-4C22AB51D2FA}.Debug|x64.Build.0 = Debug|x64
		{FBB4B4E2-690F-44FD-BD52-4C22AB51D2FA}.Debug|x86.ActiveCfg = Debug|Win32
		{FBB4B4E2-690F-44FD-BD52-4C22AB51D2FA}.Debug|x86.Build.0 = Debug|Win32
		{FBB4B4E2-690F-44FD-BD52-4C22AB51D2FA}.Release|x64.ActiveCfg = Release|x64
		{FBB4B4E2-690F-44FD-BD52-4C22AB51D2FA}.Release|x64.Build.0 = Release|x64
		{FBB4B4E2-690F-44FD-BD52-4C22AB51D2FA}.Release|x86.ActiveCfg = Release|Win32
		{FBB4B4E2-690F-44FD-BD52-4C22AB51D2FA}.Release|x86.Build.0 = Release|Win32
	EndGlobalSection
	GlobalSection(SolutionProperties) = preSolution
		HideSolutionNode = FALSE
	EndGlobalSection
	GlobalSection(ExtensibilityGlobals) = postSolution
		SolutionGuid = {7B1DCC16-3154-450B-9665-566631BBC644}
	EndGlobalSection
EndGlobal
